
Microsoft Visual Studio Solution File, Format Version 12.00
# Visual Studio Version 17
VisualStudioVersion = 17.8.34330.188
MinimumVisualStudioVersion = 10.0.40219.1
Project("{9A19103F-16F7-4668-BE54-9A1E7A4F7556}") = "ERP.Domain", "src\ERP.Domain\ERP.Domain.csproj", "{96375968-FFD2-473F-B5FF-2F1D64C64D5D}"
EndProject
Project("{9A19103F-16F7-4668-BE54-9A1E7A4F7556}") = "ERP.Application", "src\ERP.Application\ERP.Application.csproj", "{15E63812-7CB9-4CE6-89A5-68D08062F4D1}"
EndProject
Project("{9A19103F-16F7-4668-BE54-9A1E7A4F7556}") = "ERP.Infrastructure", "src\ERP.Infrastructure\ERP.Infrastructure.csproj", "{36691E09-548B-4698-8F74-AA809F607BA9}"
EndProject
Project("{9A19103F-16F7-4668-BE54-9A1E7A4F7556}") = "ERP.Presentation.WinForms", "src\ERP.Presentation.WinForms\ERP.Presentation.WinForms.csproj", "{1FE82B66-A850-482C-B887-D6DA27C2901A}"
EndProject
Project("{9A19103F-16F7-4668-BE54-9A1E7A4F7556}") = "ERP.ArchitectureGuard", "tests\ERP.ArchitectureGuard\ERP.ArchitectureGuard.csproj", "{7B9FA619-7E3E-4A5D-973A-91190C418E98}"
EndProject
Project("{2150E333-8FDC-42A3-9474-1A3956D46DE8}") = "src", "src", "{827E0CD3-B72D-47B6-A68D-7590B98EB39B}"
EndProject
Project("{2150E333-8FDC-42A3-9474-1A3956D46DE8}") = "tests", "tests", "{0AB3BF05-4346-4AA6-1389-037BE0695223}"
EndProject
Project("{FAE04EC0-301F-11D3-BF4B-00C04F79EFBC}") = "ERP.Domain.Tests", "tests\ERP.Domain.Tests\ERP.Domain.Tests.csproj", "{EDE0849B-8659-413E-840D-7DB933F52E83}"
EndProject
Project("{FAE04EC0-301F-11D3-BF4B-00C04F79EFBC}") = "ERP.Application.Tests", "tests\ERP.Application.Tests\ERP.Application.Tests.csproj", "{150D81C1-B570-4A2F-BAE3-DB3110E2928E}"
EndProject
Project("{FAE04EC0-301F-11D3-BF4B-00C04F79EFBC}") = "ERP.Bootstrapper", "src\ERP.Bootstrapper\ERP.Bootstrapper.csproj", "{571D3DE5-1959-4DAB-933F-B20BD61F11DB}"
EndProject
Global
	GlobalSection(SolutionConfigurationPlatforms) = preSolution
		Debug|Any CPU = Debug|Any CPU
		Debug|x64 = Debug|x64
		Debug|x86 = Debug|x86
		Release|Any CPU = Release|Any CPU
		Release|x64 = Release|x64
		Release|x86 = Release|x86
	EndGlobalSection
	GlobalSection(ProjectConfigurationPlatforms) = postSolution
		{96375968-FFD2-473F-B5FF-2F1D64C64D5D}.Debug|Any CPU.ActiveCfg = Debug|Any CPU
		{96375968-FFD2-473F-B5FF-2F1D64C64D5D}.Debug|Any CPU.Build.0 = Debug|Any CPU
		{96375968-FFD2-473F-B5FF-2F1D64C64D5D}.Debug|x64.ActiveCfg = Debug|Any CPU
		{96375968-FFD2-473F-B5FF-2F1D64C64D5D}.Debug|x64.Build.0 = Debug|Any CPU
		{96375968-FFD2-473F-B5FF-2F1D64C64D5D}.Debug|x86.ActiveCfg = Debug|Any CPU
		{96375968-FFD2-473F-B5FF-2F1D64C64D5D}.Debug|x86.Build.0 = Debug|Any CPU
		{96375968-FFD2-473F-B5FF-2F1D64C64D5D}.Release|Any CPU.ActiveCfg = Release|Any CPU
		{96375968-FFD2-473F-B5FF-2F1D64C64D5D}.Release|Any CPU.Build.0 = Release|Any CPU
		{96375968-FFD2-473F-B5FF-2F1D64C64D5D}.Release|x64.ActiveCfg = Release|Any CPU
		{96375968-FFD2-473F-B5FF-2F1D64C64D5D}.Release|x64.Build.0 = Release|Any CPU
		{96375968-FFD2-473F-B5FF-2F1D64C64D5D}.Release|x86.ActiveCfg = Release|Any CPU
		{96375968-FFD2-473F-B5FF-2F1D64C64D5D}.Release|x86.Build.0 = Release|Any CPU
		{15E63812-7CB9-4CE6-89A5-68D08062F4D1}.Debug|Any CPU.ActiveCfg = Debug|Any CPU
		{15E63812-7CB9-4CE6-89A5-68D08062F4D1}.Debug|Any CPU.Build.0 = Debug|Any CPU
		{15E63812-7CB9-4CE6-89A5-68D08062F4D1}.Debug|x64.ActiveCfg = Debug|Any CPU
		{15E63812-7CB9-4CE6-89A5-68D08062F4D1}.Debug|x64.Build.0 = Debug|Any CPU
		{15E63812-7CB9-4CE6-89A5-68D08062F4D1}.Debug|x86.ActiveCfg = Debug|Any CPU
		{15E63812-7CB9-4CE6-89A5-68D08062F4D1}.Debug|x86.Build.0 = Debug|Any CPU
		{15E63812-7CB9-4CE6-89A5-68D08062F4D1}.Release|Any CPU.ActiveCfg = Release|Any CPU
		{15E63812-7CB9-4CE6-89A5-68D08062F4D1}.Release|Any CPU.Build.0 = Release|Any CPU
		{15E63812-7CB9-4CE6-89A5-68D08062F4D1}.Release|x64.ActiveCfg = Release|Any CPU
		{15E63812-7CB9-4CE6-89A5-68D08062F4D1}.Release|x64.Build.0 = Release|Any CPU
		{15E63812-7CB9-4CE6-89A5-68D08062F4D1}.Release|x86.ActiveCfg = Release|Any CPU
		{15E63812-7CB9-4CE6-89A5-68D08062F4D1}.Release|x86.Build.0 = Release|Any CPU
		{36691E09-548B-4698-8F74-AA809F607BA9}.Debug|Any CPU.ActiveCfg = Debug|Any CPU
		{36691E09-548B-4698-8F74-AA809F607BA9}.Debug|Any CPU.Build.0 = Debug|Any CPU
		{36691E09-548B-4698-8F74-AA809F607BA9}.Debug|x64.ActiveCfg = Debug|Any CPU
		{36691E09-548B-4698-8F74-AA809F607BA9}.Debug|x64.Build.0 = Debug|Any CPU
		{36691E09-548B-4698-8F74-AA809F607BA9}.Debug|x86.ActiveCfg = Debug|Any CPU
		{36691E09-548B-4698-8F74-AA809F607BA9}.Debug|x86.Build.0 = Debug|Any CPU
		{36691E09-548B-4698-8F74-AA809F607BA9}.Release|Any CPU.ActiveCfg = Release|Any CPU
		{36691E09-548B-4698-8F74-AA809F607BA9}.Release|Any CPU.Build.0 = Release|Any CPU
		{36691E09-548B-4698-8F74-AA809F607BA9}.Release|x64.ActiveCfg = Release|Any CPU
		{36691E09-548B-4698-8F74-AA809F607BA9}.Release|x64.Build.0 = Release|Any CPU
		{36691E09-548B-4698-8F74-AA809F607BA9}.Release|x86.ActiveCfg = Release|Any CPU
		{36691E09-548B-4698-8F74-AA809F607BA9}.Release|x86.Build.0 = Release|Any CPU
		{1FE82B66-A850-482C-B887-D6DA27C2901A}.Debug|Any CPU.ActiveCfg = Debug|Any CPU
		{1FE82B66-A850-482C-B887-D6DA27C2901A}.Debug|Any CPU.Build.0 = Debug|Any CPU
		{1FE82B66-A850-482C-B887-D6DA27C2901A}.Debug|x64.ActiveCfg = Debug|Any CPU
		{1FE82B66-A850-482C-B887-D6DA27C2901A}.Debug|x64.Build.0 = Debug|Any CPU
		{1FE82B66-A850-482C-B887-D6DA27C2901A}.Debug|x86.ActiveCfg = Debug|Any CPU
		{1FE82B66-A850-482C-B887-D6DA27C2901A}.Debug|x86.Build.0 = Debug|Any CPU
		{1FE82B66-A850-482C-B887-D6DA27C2901A}.Release|Any CPU.ActiveCfg = Release|Any CPU
		{1FE82B66-A850-482C-B887-D6DA27C2901A}.Release|Any CPU.Build.0 = Release|Any CPU
		{1FE82B66-A850-482C-B887-D6DA27C2901A}.Release|x64.ActiveCfg = Release|Any CPU
		{1FE82B66-A850-482C-B887-D6DA27C2901A}.Release|x64.Build.0 = Release|Any CPU
		{1FE82B66-A850-482C-B887-D6DA27C2901A}.Release|x86.ActiveCfg = Release|Any CPU
		{1FE82B66-A850-482C-B887-D6DA27C2901A}.Release|x86.Build.0 = Release|Any CPU
		{7B9FA619-7E3E-4A5D-973A-91190C418E98}.Debug|Any CPU.ActiveCfg = Debug|Any CPU
		{7B9FA619-7E3E-4A5D-973A-91190C418E98}.Debug|Any CPU.Build.0 = Debug|Any CPU
		{7B9FA619-7E3E-4A5D-973A-91190C418E98}.Debug|x64.ActiveCfg = Debug|Any CPU
		{7B9FA619-7E3E-4A5D-973A-91190C418E98}.Debug|x64.Build.0 = Debug|Any CPU
		{7B9FA619-7E3E-4A5D-973A-91190C418E98}.Debug|x86.ActiveCfg = Debug|Any CPU
		{7B9FA619-7E3E-4A5D-973A-91190C418E98}.Debug|x86.Build.0 = Debug|Any CPU
		{7B9FA619-7E3E-4A5D-973A-91190C418E98}.Release|Any CPU.ActiveCfg = Release|Any CPU
		{7B9FA619-7E3E-4A5D-973A-91190C418E98}.Release|Any CPU.Build.0 = Release|Any CPU
		{7B9FA619-7E3E-4A5D-973A-91190C418E98}.Release|x64.ActiveCfg = Release|Any CPU
		{7B9FA619-7E3E-4A5D-973A-91190C418E98}.Release|x64.Build.0 = Release|Any CPU
		{7B9FA619-7E3E-4A5D-973A-91190C418E98}.Release|x86.ActiveCfg = Release|Any CPU
		{7B9FA619-7E3E-4A5D-973A-91190C418E98}.Release|x86.Build.0 = Release|Any CPU
		{EDE0849B-8659-413E-840D-7DB933F52E83}.Debug|Any CPU.ActiveCfg = Debug|Any CPU
		{EDE0849B-8659-413E-840D-7DB933F52E83}.Debug|Any CPU.Build.0 = Debug|Any CPU
		{EDE0849B-8659-413E-840D-7DB933F52E83}.Debug|x64.ActiveCfg = Debug|Any CPU
		{EDE0849B-8659-413E-840D-7DB933F52E83}.Debug|x64.Build.0 = Debug|Any CPU
		{EDE0849B-8659-413E-840D-7DB933F52E83}.Debug|x86.ActiveCfg = Debug|Any CPU
		{EDE0849B-8659-413E-840D-7DB933F52E83}.Debug|x86.Build.0 = Debug|Any CPU
		{EDE0849B-8659-413E-840D-7DB933F52E83}.Release|Any CPU.ActiveCfg = Release|Any CPU
		{EDE0849B-8659-413E-840D-7DB933F52E83}.Release|Any CPU.Build.0 = Release|Any CPU
		{EDE0849B-8659-413E-840D-7DB933F52E83}.Release|x64.ActiveCfg = Release|Any CPU
		{EDE0849B-8659-413E-840D-7DB933F52E83}.Release|x64.Build.0 = Release|Any CPU
		{EDE0849B-8659-413E-840D-7DB933F52E83}.Release|x86.ActiveCfg = Release|Any CPU
		{EDE0849B-8659-413E-840D-7DB933F52E83}.Release|x86.Build.0 = Release|Any CPU
		{150D81C1-B570-4A2F-BAE3-DB3110E2928E}.Debug|Any CPU.ActiveCfg = Debug|Any CPU
		{150D81C1-B570-4A2F-BAE3-DB3110E2928E}.Debug|Any CPU.Build.0 = Debug|Any CPU
		{150D81C1-B570-4A2F-BAE3-DB3110E2928E}.Debug|x64.ActiveCfg = Debug|Any CPU
		{150D81C1-B570-4A2F-BAE3-DB3110E2928E}.Debug|x64.Build.0 = Debug|Any CPU
		{150D81C1-B570-4A2F-BAE3-DB3110E2928E}.Debug|x86.ActiveCfg = Debug|Any CPU
		{150D81C1-B570-4A2F-BAE3-DB3110E2928E}.Debug|x86.Build.0 = Debug|Any CPU
		{150D81C1-B570-4A2F-BAE3-DB3110E2928E}.Release|Any CPU.ActiveCfg = Release|Any CPU
		{150D81C1-B570-4A2F-BAE3-DB3110E2928E}.Release|Any CPU.Build.0 = Release|Any CPU
		{150D81C1-B570-4A2F-BAE3-DB3110E2928E}.Release|x64.ActiveCfg = Release|Any CPU
		{150D81C1-B570-4A2F-BAE3-DB3110E2928E}.Release|x64.Build.0 = Release|Any CPU
		{150D81C1-B570-4A2F-BAE3-DB3110E2928E}.Release|x86.ActiveCfg = Release|Any CPU
		{150D81C1-B570-4A2F-BAE3-DB3110E2928E}.Release|x86.Build.0 = Release|Any CPU
		{571D3DE5-1959-4DAB-933F-B20BD61F11DB}.Debug|Any CPU.ActiveCfg = Debug|Any CPU
		{571D3DE5-1959-4DAB-933F-B20BD61F11DB}.Debug|Any CPU.Build.0 = Debug|Any CPU
		{571D3DE5-1959-4DAB-933F-B20BD61F11DB}.Debug|x64.ActiveCfg = Debug|Any CPU
		{571D3DE5-1959-4DAB-933F-B20BD61F11DB}.Debug|x64.Build.0 = Debug|Any CPU
		{571D3DE5-1959-4DAB-933F-B20BD61F11DB}.Debug|x86.ActiveCfg = Debug|Any CPU
		{571D3DE5-1959-4DAB-933F-B20BD61F11DB}.Debug|x86.Build.0 = Debug|Any CPU
		{571D3DE5-1959-4DAB-933F-B20BD61F11DB}.Release|Any CPU.ActiveCfg = Release|Any CPU
		{571D3DE5-1959-4DAB-933F-B20BD61F11DB}.Release|Any CPU.Build.0 = Release|Any CPU
		{571D3DE5-1959-4DAB-933F-B20BD61F11DB}.Release|x64.ActiveCfg = Release|Any CPU
		{571D3DE5-1959-4DAB-933F-B20BD61F11DB}.Release|x64.Build.0 = Release|Any CPU
		{571D3DE5-1959-4DAB-933F-B20BD61F11DB}.Release|x86.ActiveCfg = Release|Any CPU
		{571D3DE5-1959-4DAB-933F-B20BD61F11DB}.Release|x86.Build.0 = Release|Any CPU
	EndGlobalSection
	GlobalSection(SolutionProperties) = preSolution
		HideSolutionNode = FALSE
	EndGlobalSection
	GlobalSection(NestedProjects) = preSolution
		{96375968-FFD2-473F-B5FF-2F1D64C64D5D} = {827E0CD3-B72D-47B6-A68D-7590B98EB39B}
		{15E63812-7CB9-4CE6-89A5-68D08062F4D1} = {827E0CD3-B72D-47B6-A68D-7590B98EB39B}
		{36691E09-548B-4698-8F74-AA809F607BA9} = {827E0CD3-B72D-47B6-A68D-7590B98EB39B}
		{1FE82B66-A850-482C-B887-D6DA27C2901A} = {827E0CD3-B72D-47B6-A68D-7590B98EB39B}
		{571D3DE5-1959-4DAB-933F-B20BD61F11DB} = {827E0CD3-B72D-47B6-A68D-7590B98EB39B}
		{EDE0849B-8659-413E-840D-7DB933F52E83} = {0AB3BF05-4346-4AA6-1389-037BE0695223}
		{150D81C1-B570-4A2F-BAE3-DB3110E2928E} = {0AB3BF05-4346-4AA6-1389-037BE0695223}
		{7B9FA619-7E3E-4A5D-973A-91190C418E98} = {0AB3BF05-4346-4AA6-1389-037BE0695223}
	EndGlobalSection
EndGlobal
