Microsoft Visual Studio Solution File, Format Version 12.00
# Visual Studio Version 17
VisualStudioVersion = 17.8.34330.188
MinimumVisualStudioVersion = 10.0.40219.1
Project("{9A19103F-16F7-4668-BE54-9A1E7A4F7556}") = "ERP.Domain", "src\ERP.Domain\ERP.Domain.csproj", "{96375968-FFD2-473F-B5FF-2F1D64C64D5D}"
EndProject
Project("{9A19103F-16F7-4668-BE54-9A1E7A4F7556}") = "ERP.Application", "src\ERP.Application\ERP.Application.csproj", "{15E63812-7CB9-4CE6-89A5-68D08062F4D1}"
EndProject
Project("{9A19103F-16F7-4668-BE54-9A1E7A4F7556}") = "ERP.Infrastructure", "src\ERP.Infrastructure\ERP.Infrastructure.csproj", "{36691E09-548B-4698-8F74-AA809F607BA9}"
EndProject
Project("{9A19103F-16F7-4668-BE54-9A1E7A4F7556}") = "ERP.Presentation.WinForms", "src\ERP.Presentation.WinForms\ERP.Presentation.WinForms.csproj", "{1FE82B66-A850-482C-B887-D6DA27C2901A}"
EndProject
Global
	GlobalSection(SolutionConfigurationPlatforms) = preSolution
		Debug|Any CPU = Debug|Any CPU
		Release|Any CPU = Release|Any CPU
	EndGlobalSection
	GlobalSection(ProjectConfigurationPlatforms) = postSolution
		{96375968-FFD2-473F-B5FF-2F1D64C64D5D}.Debug|Any CPU.ActiveCfg = Debug|Any CPU
		{96375968-FFD2-473F-B5FF-2F1D64C64D5D}.Debug|Any CPU.Build.0 = Debug|Any CPU
		{96375968-FFD2-473F-B5FF-2F1D64C64D5D}.Release|Any CPU.ActiveCfg = Release|Any CPU
		{96375968-FFD2-473F-B5FF-2F1D64C64D5D}.Release|Any CPU.Build.0 = Release|Any CPU
		{15E63812-7CB9-4CE6-89A5-68D08062F4D1}.Debug|Any CPU.ActiveCfg = Debug|Any CPU
		{15E63812-7CB9-4CE6-89A5-68D08062F4D1}.Debug|Any CPU.Build.0 = Debug|Any CPU
		{15E63812-7CB9-4CE6-89A5-68D08062F4D1}.Release|Any CPU.ActiveCfg = Release|Any CPU
		{15E63812-7CB9-4CE6-89A5-68D08062F4D1}.Release|Any CPU.Build.0 = Release|Any CPU
		{36691E09-548B-4698-8F74-AA809F607BA9}.Debug|Any CPU.ActiveCfg = Debug|Any CPU
		{36691E09-548B-4698-8F74-AA809F607BA9}.Debug|Any CPU.Build.0 = Debug|Any CPU
		{36691E09-548B-4698-8F74-AA809F607BA9}.Release|Any CPU.ActiveCfg = Release|Any CPU
		{36691E09-548B-4698-8F74-AA809F607BA9}.Release|Any CPU.Build.0 = Release|Any CPU
		{1FE82B66-A850-482C-B887-D6DA27C2901A}.Debug|Any CPU.ActiveCfg = Debug|Any CPU
		{1FE82B66-A850-482C-B887-D6DA27C2901A}.Debug|Any CPU.Build.0 = Debug|Any CPU
		{1FE82B66-A850-482C-B887-D6DA27C2901A}.Release|Any CPU.ActiveCfg = Release|Any CPU
		{1FE82B66-A850-482C-B887-D6DA27C2901A}.Release|Any CPU.Build.0 = Release|Any CPU
	EndGlobalSection
EndGlobal
